
Microsoft Visual Studio Solution File, Format Version 12.00
# Visual Studio Version 16
VisualStudioVersion = 16.0.31729.503
MinimumVisualStudioVersion = 10.0.40219.1
Project("{FAE04EC0-301F-11D3-BF4B-00C04F79EFBC}") = "EVCharging", "EVCharging.csproj", "{EA64A4BE-0F0C-4B40-A592-83D240FD4BB2}"
EndProject
Global
	GlobalSection(SolutionConfigurationPlatforms) = preSolution
		Debug|Any CPU = Debug|Any CPU
		Release|Any CPU = Release|Any CPU
	EndGlobalSection
	GlobalSection(ProjectConfigurationPlatforms) = postSolution
		{EA64A4BE-0F0C-4B40-A592-83D240FD4BB2}.Debug|Any CPU.ActiveCfg = Debug|Any CPU
		{EA64A4BE-0F0C-4B40-A592-83D240FD4BB2}.Debug|Any CPU.Build.0 = Debug|Any CPU
		{EA64A4BE-0F0C-4B40-A592-83D240FD4BB2}.Release|Any CPU.ActiveCfg = Release|Any CPU
		{EA64A4BE-0F0C-4B40-A592-83D240FD4BB2}.Release|Any CPU.Build.0 = Release|Any CPU
	EndGlobalSection
	GlobalSection(SolutionProperties) = preSolution
		HideSolutionNode = FALSE
	EndGlobalSection
	GlobalSection(ExtensibilityGlobals) = postSolution
		SolutionGuid = {BE69DE92-F531-4CB2-B35C-9A98A00A5431}
	EndGlobalSection
EndGlobal
